
Microsoft Visual Studio Solution File, Format Version 12.00
# Visual Studio Version 17
VisualStudioVersion = 17.12.35521.163
MinimumVisualStudioVersion = 10.0.40219.1
Project("{FAE04EC0-301F-11D3-BF4B-00C04F79EFBC}") = "Lab02", "Lab02\Lab02.csproj", "{BF763019-A392-4853-8D3B-82582D15CF61}"
EndProject
Project("{FAE04EC0-301F-11D3-BF4B-00C04F79EFBC}") = "Lab02-02", "Lab02-02\Lab02-02.csproj", "{7E1FD6B8-5160-4B8C-A4F5-006E111ACE96}"
EndProject
Project("{FAE04EC0-301F-11D3-BF4B-00C04F79EFBC}") = "Lab02-03", "Lab02-03\Lab02-03.csproj", "{60580A69-9A59-4D82-BEAF-306D0426B690}"
EndProject
Project("{FAE04EC0-301F-11D3-BF4B-00C04F79EFBC}") = "Lab02-04", "Lab02-04\Lab02-04.csproj", "{2962B079-7BA9-48FD-B4C4-04FD6CA605F3}"
EndProject
Project("{FAE04EC0-301F-11D3-BF4B-00C04F79EFBC}") = "baitapthem", "baitapthem\baitapthem.csproj", "{C89A7869-276C-4B94-A8D6-2164A7F19F8D}"
EndProject
Global
	GlobalSection(SolutionConfigurationPlatforms) = preSolution
		Debug|Any CPU = Debug|Any CPU
		Release|Any CPU = Release|Any CPU
	EndGlobalSection
	GlobalSection(ProjectConfigurationPlatforms) = postSolution
		{BF763019-A392-4853-8D3B-82582D15CF61}.Debug|Any CPU.ActiveCfg = Debug|Any CPU
		{BF763019-A392-4853-8D3B-82582D15CF61}.Debug|Any CPU.Build.0 = Debug|Any CPU
		{BF763019-A392-4853-8D3B-82582D15CF61}.Release|Any CPU.ActiveCfg = Release|Any CPU
		{BF763019-A392-4853-8D3B-82582D15CF61}.Release|Any CPU.Build.0 = Release|Any CPU
		{7E1FD6B8-5160-4B8C-A4F5-006E111ACE96}.Debug|Any CPU.ActiveCfg = Debug|Any CPU
		{7E1FD6B8-5160-4B8C-A4F5-006E111ACE96}.Debug|Any CPU.Build.0 = Debug|Any CPU
		{7E1FD6B8-5160-4B8C-A4F5-006E111ACE96}.Release|Any CPU.ActiveCfg = Release|Any CPU
		{7E1FD6B8-5160-4B8C-A4F5-006E111ACE96}.Release|Any CPU.Build.0 = Release|Any CPU
		{60580A69-9A59-4D82-BEAF-306D0426B690}.Debug|Any CPU.ActiveCfg = Debug|Any CPU
		{60580A69-9A59-4D82-BEAF-306D0426B690}.Debug|Any CPU.Build.0 = Debug|Any CPU
		{60580A69-9A59-4D82-BEAF-306D0426B690}.Release|Any CPU.ActiveCfg = Release|Any CPU
		{60580A69-9A59-4D82-BEAF-306D0426B690}.Release|Any CPU.Build.0 = Release|Any CPU
		{2962B079-7BA9-48FD-B4C4-04FD6CA605F3}.Debug|Any CPU.ActiveCfg = Debug|Any CPU
		{2962B079-7BA9-48FD-B4C4-04FD6CA605F3}.Debug|Any CPU.Build.0 = Debug|Any CPU
		{2962B079-7BA9-48FD-B4C4-04FD6CA605F3}.Release|Any CPU.ActiveCfg = Release|Any CPU
		{2962B079-7BA9-48FD-B4C4-04FD6CA605F3}.Release|Any CPU.Build.0 = Release|Any CPU
		{C89A7869-276C-4B94-A8D6-2164A7F19F8D}.Debug|Any CPU.ActiveCfg = Debug|Any CPU
		{C89A7869-276C-4B94-A8D6-2164A7F19F8D}.Debug|Any CPU.Build.0 = Debug|Any CPU
		{C89A7869-276C-4B94-A8D6-2164A7F19F8D}.Release|Any CPU.ActiveCfg = Release|Any CPU
		{C89A7869-276C-4B94-A8D6-2164A7F19F8D}.Release|Any CPU.Build.0 = Release|Any CPU
	EndGlobalSection
	GlobalSection(SolutionProperties) = preSolution
		HideSolutionNode = FALSE
	EndGlobalSection
EndGlobal
